
Microsoft Visual Studio Solution File, Format Version 12.00
# Visual Studio 2013
VisualStudioVersion = 12.0.40629.0
MinimumVisualStudioVersion = 10.0.40219.1
Project("{FAE04EC0-301F-11D3-BF4B-00C04F79EFBC}") = "CHSARP_MVC_WEB", "CHSARP_MVC_WEB\CHSARP_MVC_WEB.csproj", "{BED8B1ED-B6F0-4A10-AD54-0BA66ED3CD94}"
EndProject
Global
	GlobalSection(SolutionConfigurationPlatforms) = preSolution
		Debug|Any CPU = Debug|Any CPU
		Release|Any CPU = Release|Any CPU
	EndGlobalSection
	GlobalSection(ProjectConfigurationPlatforms) = postSolution
		{BED8B1ED-B6F0-4A10-AD54-0BA66ED3CD94}.Debug|Any CPU.ActiveCfg = Debug|Any CPU
		{BED8B1ED-B6F0-4A10-AD54-0BA66ED3CD94}.Debug|Any CPU.Build.0 = Debug|Any CPU
		{BED8B1ED-B6F0-4A10-AD54-0BA66ED3CD94}.Release|Any CPU.ActiveCfg = Release|Any CPU
		{BED8B1ED-B6F0-4A10-AD54-0BA66ED3CD94}.Release|Any CPU.Build.0 = Release|Any CPU
	EndGlobalSection
	GlobalSection(SolutionProperties) = preSolution
		HideSolutionNode = FALSE
	EndGlobalSection
EndGlobal
